{
  "name": "be-restated",
  "version": "0.0.0",
  "lockfileVersion": 2,
  "requires": true,
  "packages": {
    "": {
      "name": "be-restated",
      "version": "0.0.0",
      "license": "MIT",
      "dependencies": {
        "be-a-beacon": "0.0.1",
        "be-decorated": "0.0.131",
        "be-hive": "0.0.54",
        "trans-render": "0.0.564"
      }
    },
    "node_modules/be-a-beacon": {
      "version": "0.0.1",
      "resolved": "https://registry.npmjs.org/be-a-beacon/-/be-a-beacon-0.0.1.tgz",
      "integrity": "sha512-UmXdk4R2AFhM9hKCfIE1m5MqBpNiFpVG2gGxlCciQa56nrjLO08viGoFq9FfgvtOWMa8VO2PwqjV7z70v+4qLA==",
      "dependencies": {
        "be-decorated": "0.0.131",
        "be-hive": "0.0.54"
      }
    },
    "node_modules/be-decorated": {
      "version": "0.0.131",
      "resolved": "https://registry.npmjs.org/be-decorated/-/be-decorated-0.0.131.tgz",
      "integrity": "sha512-lnBBURnJuvF1SKhcSrlh6g1ob7+hBGLokwJC8VNxUDKfFD847VK/1wgXdNqoWTr3IB6MmPu7FwIiGgoQek8CgA==",
      "dependencies": {
        "trans-render": "0.0.562",
        "xtal-element": "0.0.502"
      }
    },
    "node_modules/be-decorated/node_modules/trans-render": {
      "version": "0.0.562",
      "resolved": "https://registry.npmjs.org/trans-render/-/trans-render-0.0.562.tgz",
      "integrity": "sha512-DJ9QgVvZfv6kra+SFbGo2LsdkECNI+jxZ6M78ASbZkucm5LlKRy3MlyFoyRWO1NbhSwcEI66TIs3QoBg7ZSuBg=="
    },
    "node_modules/be-hive": {
      "version": "0.0.54",
      "resolved": "https://registry.npmjs.org/be-hive/-/be-hive-0.0.54.tgz",
      "integrity": "sha512-NZiFXpcKso8PnSkrQP5KE7cyMA/qzCrxxUeAuWE+ltH94Ygoo8dz9oatUeRO6sBFV5CmeTQUblvNoSumqCOy3w==",
      "dependencies": {
        "trans-render": "0.0.562"
      }
    },
    "node_modules/be-hive/node_modules/trans-render": {
      "version": "0.0.562",
      "resolved": "https://registry.npmjs.org/trans-render/-/trans-render-0.0.562.tgz",
      "integrity": "sha512-DJ9QgVvZfv6kra+SFbGo2LsdkECNI+jxZ6M78ASbZkucm5LlKRy3MlyFoyRWO1NbhSwcEI66TIs3QoBg7ZSuBg=="
    },
    "node_modules/trans-render": {
      "version": "0.0.564",
      "resolved": "https://registry.npmjs.org/trans-render/-/trans-render-0.0.564.tgz",
      "integrity": "sha512-bXUOafB5M35+t0yWfXoN7VgzWsE2r+3sNA1efo8qQD0b12Swv2PgoEYftDdgnuj+NxRwltgGaJN/KUv9PWyaSw=="
    },
    "node_modules/xtal-element": {
      "version": "0.0.502",
      "resolved": "https://registry.npmjs.org/xtal-element/-/xtal-element-0.0.502.tgz",
      "integrity": "sha512-XW9Vak0DZYO6lZqCEnUbr+r5BhwekDh8o87cLGhlkHji04Wu6HBiGXG/BIjPt/r0rFky1XxS5WjaO1n6MCe18Q==",
      "dependencies": {
        "trans-render": "0.0.562"
      }
    },
    "node_modules/xtal-element/node_modules/trans-render": {
      "version": "0.0.562",
      "resolved": "https://registry.npmjs.org/trans-render/-/trans-render-0.0.562.tgz",
      "integrity": "sha512-DJ9QgVvZfv6kra+SFbGo2LsdkECNI+jxZ6M78ASbZkucm5LlKRy3MlyFoyRWO1NbhSwcEI66TIs3QoBg7ZSuBg=="
    }
  },
  "dependencies": {
    "be-a-beacon": {
      "version": "0.0.1",
      "resolved": "https://registry.npmjs.org/be-a-beacon/-/be-a-beacon-0.0.1.tgz",
      "integrity": "sha512-UmXdk4R2AFhM9hKCfIE1m5MqBpNiFpVG2gGxlCciQa56nrjLO08viGoFq9FfgvtOWMa8VO2PwqjV7z70v+4qLA==",
      "requires": {
        "be-decorated": "0.0.131",
        "be-hive": "0.0.54"
      }
    },
    "be-decorated": {
      "version": "0.0.131",
      "resolved": "https://registry.npmjs.org/be-decorated/-/be-decorated-0.0.131.tgz",
      "integrity": "sha512-lnBBURnJuvF1SKhcSrlh6g1ob7+hBGLokwJC8VNxUDKfFD847VK/1wgXdNqoWTr3IB6MmPu7FwIiGgoQek8CgA==",
      "requires": {
        "trans-render": "0.0.562",
        "xtal-element": "0.0.502"
      },
      "dependencies": {
        "trans-render": {
          "version": "0.0.562",
          "resolved": "https://registry.npmjs.org/trans-render/-/trans-render-0.0.562.tgz",
          "integrity": "sha512-DJ9QgVvZfv6kra+SFbGo2LsdkECNI+jxZ6M78ASbZkucm5LlKRy3MlyFoyRWO1NbhSwcEI66TIs3QoBg7ZSuBg=="
        }
      }
    },
    "be-hive": {
      "version": "0.0.54",
      "resolved": "https://registry.npmjs.org/be-hive/-/be-hive-0.0.54.tgz",
      "integrity": "sha512-NZiFXpcKso8PnSkrQP5KE7cyMA/qzCrxxUeAuWE+ltH94Ygoo8dz9oatUeRO6sBFV5CmeTQUblvNoSumqCOy3w==",
      "requires": {
        "trans-render": "0.0.562"
      },
      "dependencies": {
        "trans-render": {
          "version": "0.0.562",
          "resolved": "https://registry.npmjs.org/trans-render/-/trans-render-0.0.562.tgz",
          "integrity": "sha512-DJ9QgVvZfv6kra+SFbGo2LsdkECNI+jxZ6M78ASbZkucm5LlKRy3MlyFoyRWO1NbhSwcEI66TIs3QoBg7ZSuBg=="
        }
      }
    },
    "trans-render": {
      "version": "0.0.564",
      "resolved": "https://registry.npmjs.org/trans-render/-/trans-render-0.0.564.tgz",
      "integrity": "sha512-bXUOafB5M35+t0yWfXoN7VgzWsE2r+3sNA1efo8qQD0b12Swv2PgoEYftDdgnuj+NxRwltgGaJN/KUv9PWyaSw=="
    },
    "xtal-element": {
      "version": "0.0.502",
      "resolved": "https://registry.npmjs.org/xtal-element/-/xtal-element-0.0.502.tgz",
      "integrity": "sha512-XW9Vak0DZYO6lZqCEnUbr+r5BhwekDh8o87cLGhlkHji04Wu6HBiGXG/BIjPt/r0rFky1XxS5WjaO1n6MCe18Q==",
      "requires": {
        "trans-render": "0.0.562"
      },
      "dependencies": {
        "trans-render": {
          "version": "0.0.562",
          "resolved": "https://registry.npmjs.org/trans-render/-/trans-render-0.0.562.tgz",
          "integrity": "sha512-DJ9QgVvZfv6kra+SFbGo2LsdkECNI+jxZ6M78ASbZkucm5LlKRy3MlyFoyRWO1NbhSwcEI66TIs3QoBg7ZSuBg=="
        }
      }
    }
  }
}
